
Microsoft Visual Studio Solution File, Format Version 12.00
# Visual Studio Version 17
VisualStudioVersion = 17.2.32630.192
MinimumVisualStudioVersion = 10.0.40219.1
Project("{9A19103F-16F7-4668-BE54-9A1E7A4F7556}") = "ProductsManagerSystem", "ProductsManagerSystem\ProductsManagerSystem.csproj", "{353B2E4B-AE10-4FDF-BF1D-C5A1EA5A670E}"
EndProject
Project("{9A19103F-16F7-4668-BE54-9A1E7A4F7556}") = "CoreLayer", "CoreLayer\CoreLayer.csproj", "{C289B91A-547F-48BB-ADCA-436AEA38CB04}"
EndProject
Project("{9A19103F-16F7-4668-BE54-9A1E7A4F7556}") = "RepositoryLayer", "RepositoryLayer\RepositoryLayer.csproj", "{7CE618EC-7F40-4607-B2DE-62356C26BCA5}"
EndProject
Project("{9A19103F-16F7-4668-BE54-9A1E7A4F7556}") = "BusinessLayer", "BusinessLayer\BusinessLayer.csproj", "{94A642EA-E48E-458F-A04E-54DF424F85B2}"
EndProject
Global
	GlobalSection(SolutionConfigurationPlatforms) = preSolution
		Debug|Any CPU = Debug|Any CPU
		Release|Any CPU = Release|Any CPU
	EndGlobalSection
	GlobalSection(ProjectConfigurationPlatforms) = postSolution
		{353B2E4B-AE10-4FDF-BF1D-C5A1EA5A670E}.Debug|Any CPU.ActiveCfg = Debug|Any CPU
		{353B2E4B-AE10-4FDF-BF1D-C5A1EA5A670E}.Debug|Any CPU.Build.0 = Debug|Any CPU
		{353B2E4B-AE10-4FDF-BF1D-C5A1EA5A670E}.Release|Any CPU.ActiveCfg = Release|Any CPU
		{353B2E4B-AE10-4FDF-BF1D-C5A1EA5A670E}.Release|Any CPU.Build.0 = Release|Any CPU
		{C289B91A-547F-48BB-ADCA-436AEA38CB04}.Debug|Any CPU.ActiveCfg = Debug|Any CPU
		{C289B91A-547F-48BB-ADCA-436AEA38CB04}.Debug|Any CPU.Build.0 = Debug|Any CPU
		{C289B91A-547F-48BB-ADCA-436AEA38CB04}.Release|Any CPU.ActiveCfg = Release|Any CPU
		{C289B91A-547F-48BB-ADCA-436AEA38CB04}.Release|Any CPU.Build.0 = Release|Any CPU
		{7CE618EC-7F40-4607-B2DE-62356C26BCA5}.Debug|Any CPU.ActiveCfg = Debug|Any CPU
		{7CE618EC-7F40-4607-B2DE-62356C26BCA5}.Debug|Any CPU.Build.0 = Debug|Any CPU
		{7CE618EC-7F40-4607-B2DE-62356C26BCA5}.Release|Any CPU.ActiveCfg = Release|Any CPU
		{7CE618EC-7F40-4607-B2DE-62356C26BCA5}.Release|Any CPU.Build.0 = Release|Any CPU
		{94A642EA-E48E-458F-A04E-54DF424F85B2}.Debug|Any CPU.ActiveCfg = Debug|Any CPU
		{94A642EA-E48E-458F-A04E-54DF424F85B2}.Debug|Any CPU.Build.0 = Debug|Any CPU
		{94A642EA-E48E-458F-A04E-54DF424F85B2}.Release|Any CPU.ActiveCfg = Release|Any CPU
		{94A642EA-E48E-458F-A04E-54DF424F85B2}.Release|Any CPU.Build.0 = Release|Any CPU
	EndGlobalSection
	GlobalSection(SolutionProperties) = preSolution
		HideSolutionNode = FALSE
	EndGlobalSection
	GlobalSection(ExtensibilityGlobals) = postSolution
		SolutionGuid = {182ADAD7-9F24-4F29-9B82-787881B921F0}
	EndGlobalSection
EndGlobal
